
Microsoft Visual Studio Solution File, Format Version 12.00
# Visual Studio Version 17
VisualStudioVersion = 17.1.32210.238
MinimumVisualStudioVersion = 10.0.40219.1
Project("{FAE04EC0-301F-11D3-BF4B-00C04F79EFBC}") = "1to100", "1to100\1to100.csproj", "{36450B55-5ADF-4B12-9C50-E86DD72AD8F9}"
EndProject
Global
	GlobalSection(SolutionConfigurationPlatforms) = preSolution
		Debug|Any CPU = Debug|Any CPU
		Release|Any CPU = Release|Any CPU
	EndGlobalSection
	GlobalSection(ProjectConfigurationPlatforms) = postSolution
		{36450B55-5ADF-4B12-9C50-E86DD72AD8F9}.Debug|Any CPU.ActiveCfg = Debug|Any CPU
		{36450B55-5ADF-4B12-9C50-E86DD72AD8F9}.Debug|Any CPU.Build.0 = Debug|Any CPU
		{36450B55-5ADF-4B12-9C50-E86DD72AD8F9}.Release|Any CPU.ActiveCfg = Release|Any CPU
		{36450B55-5ADF-4B12-9C50-E86DD72AD8F9}.Release|Any CPU.Build.0 = Release|Any CPU
	EndGlobalSection
	GlobalSection(SolutionProperties) = preSolution
		HideSolutionNode = FALSE
	EndGlobalSection
	GlobalSection(ExtensibilityGlobals) = postSolution
		SolutionGuid = {B4FF8C8F-0BCB-49EC-8A9D-BA7D92D4D5A0}
	EndGlobalSection
EndGlobal
